PODS:
  - AdvancedPageControl (0.9.0)
  - Alamofire (5.10.2)
  - AppAuth (1.7.6):
    - AppAuth/Core (= 1.7.6)
    - AppAuth/ExternalUserAgent (= 1.7.6)
  - AppAuth/Core (1.7.6)
  - AppAuth/ExternalUserAgent (1.7.6):
    - AppAuth/Core
  - AppCheckCore (11.2.0):
    - GoogleUtilities/Environment (~> 8.0)
    - GoogleUtilities/UserDefaults (~> 8.0)
    - PromisesObjC (~> 2.4)
  - AssetsPickerViewController (2.9.7):
    - SnapKit
  - CalendarKit (1.1.11)
  - Cosmos (25.0.1)
  - DateScrollPicker (1.1.0)
  - DropDown (2.3.13)
  - Firebase/CoreOnly (11.6.0):
    - FirebaseCore (~> 11.6.0)
  - Firebase/Crashlytics (11.6.0):
    - Firebase/CoreOnly
    - FirebaseCrashlytics (~> 11.6.0)
  - FirebaseAnalytics (11.6.0):
    - FirebaseAnalytics/AdIdSupport (= 11.6.0)
    - FirebaseCore (~> 11.6.0)
    - FirebaseInstallations (~> 11.0)
    - GoogleUtilities/AppDelegateSwizzler (~> 8.0)
    - GoogleUtilities/MethodSwizzler (~> 8.0)
    - GoogleUtilities/Network (~> 8.0)
    - "GoogleUtilities/NSData+zlib (~> 8.0)"
    - nanopb (~> 3.30910.0)
  - FirebaseAnalytics/AdIdSupport (11.6.0):
    - FirebaseCore (~> 11.6.0)
    - FirebaseInstallations (~> 11.0)
    - GoogleAppMeasurement (= 11.6.0)
    - GoogleUtilities/AppDelegateSwizzler (~> 8.0)
    - GoogleUtilities/MethodSwizzler (~> 8.0)
    - GoogleUtilities/Network (~> 8.0)
    - "GoogleUtilities/NSData+zlib (~> 8.0)"
    - nanopb (~> 3.30910.0)
  - FirebaseCore (11.6.0):
    - FirebaseCoreInternal (~> 11.6.0)
    - GoogleUtilities/Environment (~> 8.0)
    - GoogleUtilities/Logger (~> 8.0)
  - FirebaseCoreExtension (11.6.0):
    - FirebaseCore (~> 11.6.0)
  - FirebaseCoreInternal (11.6.0):
    - "GoogleUtilities/NSData+zlib (~> 8.0)"
  - FirebaseCrashlytics (11.6.0):
    - FirebaseCore (~> 11.6.0)
    - FirebaseInstallations (~> 11.0)
    - FirebaseRemoteConfigInterop (~> 11.0)
    - FirebaseSessions (~> 11.0)
    - GoogleDataTransport (~> 10.0)
    - GoogleUtilities/Environment (~> 8.0)
    - nanopb (~> 3.30910.0)
    - PromisesObjC (~> 2.4)
  - FirebaseInstallations (11.6.0):
    - FirebaseCore (~> 11.6.0)
    - GoogleUtilities/Environment (~> 8.0)
    - GoogleUtilities/UserDefaults (~> 8.0)
    - PromisesObjC (~> 2.4)
  - FirebaseMessaging (11.6.0):
    - FirebaseCore (~> 11.6.0)
    - FirebaseInstallations (~> 11.0)
    - GoogleDataTransport (~> 10.0)
    - GoogleUtilities/AppDelegateSwizzler (~> 8.0)
    - GoogleUtilities/Environment (~> 8.0)
    - GoogleUtilities/Reachability (~> 8.0)
    - GoogleUtilities/UserDefaults (~> 8.0)
    - nanopb (~> 3.30910.0)
  - FirebaseRemoteConfigInterop (11.6.0)
  - FirebaseSessions (11.6.0):
    - FirebaseCore (~> 11.6.0)
    - FirebaseCoreExtension (~> 11.6.0)
    - FirebaseInstallations (~> 11.0)
    - GoogleDataTransport (~> 10.0)
    - GoogleUtilities/Environment (~> 8.0)
    - GoogleUtilities/UserDefaults (~> 8.0)
    - nanopb (~> 3.30910.0)
    - PromisesSwift (~> 2.1)
  - FSCalendar (2.8.4)
  - Google-Maps-iOS-Utils (4.1.0):
    - Google-Maps-iOS-Utils/Clustering (= 4.1.0)
    - Google-Maps-iOS-Utils/Geometry (= 4.1.0)
    - Google-Maps-iOS-Utils/GeometryUtils (= 4.1.0)
    - Google-Maps-iOS-Utils/Heatmap (= 4.1.0)
    - Google-Maps-iOS-Utils/QuadTree (= 4.1.0)
    - GoogleMaps
  - Google-Maps-iOS-Utils/Clustering (4.1.0):
    - Google-Maps-iOS-Utils/QuadTree
    - GoogleMaps
  - Google-Maps-iOS-Utils/Geometry (4.1.0):
    - GoogleMaps
  - Google-Maps-iOS-Utils/GeometryUtils (4.1.0):
    - GoogleMaps
  - Google-Maps-iOS-Utils/Heatmap (4.1.0):
    - Google-Maps-iOS-Utils/QuadTree
    - GoogleMaps
  - Google-Maps-iOS-Utils/QuadTree (4.1.0):
    - GoogleMaps
  - GoogleAppMeasurement (11.6.0):
    - GoogleAppMeasurement/AdIdSupport (= 11.6.0)
    - GoogleUtilities/AppDelegateSwizzler (~> 8.0)
    - GoogleUtilities/MethodSwizzler (~> 8.0)
    - GoogleUtilities/Network (~> 8.0)
    - "GoogleUtilities/NSData+zlib (~> 8.0)"
    - nanopb (~> 3.30910.0)
  - GoogleAppMeasurement/AdIdSupport (11.6.0):
    - GoogleAppMeasurement/WithoutAdIdSupport (= 11.6.0)
    - GoogleUtilities/AppDelegateSwizzler (~> 8.0)
    - GoogleUtilities/MethodSwizzler (~> 8.0)
    - GoogleUtilities/Network (~> 8.0)
    - "GoogleUtilities/NSData+zlib (~> 8.0)"
    - nanopb (~> 3.30910.0)
  - GoogleAppMeasurement/WithoutAdIdSupport (11.6.0):
    - GoogleUtilities/AppDelegateSwizzler (~> 8.0)
    - GoogleUtilities/MethodSwizzler (~> 8.0)
    - GoogleUtilities/Network (~> 8.0)
    - "GoogleUtilities/NSData+zlib (~> 8.0)"
    - nanopb (~> 3.30910.0)
  - GoogleDataTransport (10.1.0):
    - nanopb (~> 3.30910.0)
    - PromisesObjC (~> 2.4)
  - GoogleMaps (6.1.1):
    - GoogleMaps/Maps (= 6.1.1)
  - GoogleMaps/Base (6.1.1)
  - GoogleMaps/Maps (6.1.1):
    - GoogleMaps/Base
  - GooglePlaces (9.2.0)
  - GooglePlacesSearchController (0.2.3)
  - GoogleSignIn (8.0.0):
    - AppAuth (< 2.0, >= 1.7.3)
    - AppCheckCore (~> 11.0)
    - GTMAppAuth (< 5.0, >= 4.1.1)
    - GTMSessionFetcher/Core (~> 3.3)
  - GoogleUtilities/AppDelegateSwizzler (8.0.2):
    - GoogleUtilities/Environment
    - GoogleUtilities/Logger
    - GoogleUtilities/Network
    - GoogleUtilities/Privacy
  - GoogleUtilities/Environment (8.0.2):
    - GoogleUtilities/Privacy
  - GoogleUtilities/Logger (8.0.2):
    - GoogleUtilities/Environment
    - GoogleUtilities/Privacy
  - GoogleUtilities/MethodSwizzler (8.0.2):
    - GoogleUtilities/Logger
    - GoogleUtilities/Privacy
  - GoogleUtilities/Network (8.0.2):
    - GoogleUtilities/Logger
    - "GoogleUtilities/NSData+zlib"
    - GoogleUtilities/Privacy
    - GoogleUtilities/Reachability
  - "GoogleUtilities/NSData+zlib (8.0.2)":
    - GoogleUtilities/Privacy
  - GoogleUtilities/Privacy (8.0.2)
  - GoogleUtilities/Reachability (8.0.2):
    - GoogleUtilities/Logger
    - GoogleUtilities/Privacy
  - GoogleUtilities/UserDefaults (8.0.2):
    - GoogleUtilities/Logger
    - GoogleUtilities/Privacy
  - GTMAppAuth (4.1.1):
    - AppAuth/Core (~> 1.7)
    - GTMSessionFetcher/Core (< 4.0, >= 3.3)
  - GTMSessionFetcher/Core (3.5.0)
  - IQKeyboardManager (6.5.19)
  - ISEmojiView (0.3.4)
  - MBProgressHUD (1.1.0)
  - nanopb (3.30910.0):
    - nanopb/decode (= 3.30910.0)
    - nanopb/encode (= 3.30910.0)
  - nanopb/decode (3.30910.0)
  - nanopb/encode (3.30910.0)
  - NVActivityIndicatorView (5.2.0):
    - NVActivityIndicatorView/Base (= 5.2.0)
  - NVActivityIndicatorView/Base (5.2.0)
  - OpalImagePicker (3.0.0)
  - PromisesObjC (2.4.0)
  - PromisesSwift (2.4.0):
    - PromisesObjC (= 2.4.0)
  - QCropper (0.1.7)
  - ReachabilitySwift (5.2.4)
  - SDWebImage (5.20.0):
    - SDWebImage/Core (= 5.20.0)
  - SDWebImage/Core (5.20.0)
  - SnackBar.swift (0.1.0):
    - SnapKit
  - SnapKit (5.7.1)
  - SpreadsheetView (0.9.1)
  - SwiftGifOrigin (1.7.0)
  - SwiftyJSON (4.3.0)
  - TwilioCommonLib (2.0.0)
  - TwilioConversationsClient (3.1.0):
    - TwilioTwilsockLib (= 2.0.0)
  - TwilioStateMachine (2.0.0)
  - TwilioTwilsockLib (2.0.0):
    - TwilioCommonLib (= 2.0.0)
    - TwilioStateMachine (= 2.0.0)

DEPENDENCIES:
  - AdvancedPageControl
  - Alamofire
  - AssetsPickerViewController (~> 2.0)
  - CalendarKit
  - Cosmos
  - DateScrollPicker
  - DropDown
  - Firebase/Crashlytics
  - FirebaseAnalytics
  - FirebaseMessaging
  - FSCalendar
  - Google-Maps-iOS-Utils
  - GoogleMaps (= 6.1.1)
  - GooglePlaces
  - GooglePlacesSearchController
  - GoogleSignIn
  - IQKeyboardManager
  - ISEmojiView
  - MBProgressHUD (~> 1.1.0)
  - NVActivityIndicatorView
  - OpalImagePicker
  - QCropper
  - ReachabilitySwift
  - SDWebImage
  - SnackBar.swift
  - SpreadsheetView
  - SwiftGifOrigin (~> 1.7.0)
  - SwiftyJSON (~> 4.0)
  - TwilioConversationsClient (~> 3.1)

SPEC REPOS:
  trunk:
    - AdvancedPageControl
    - Alamofire
    - AppAuth
    - AppCheckCore
    - AssetsPickerViewController
    - CalendarKit
    - Cosmos
    - DateScrollPicker
    - DropDown
    - Firebase
    - FirebaseAnalytics
    - FirebaseCore
    - FirebaseCoreExtension
    - FirebaseCoreInternal
    - FirebaseCrashlytics
    - FirebaseInstallations
    - FirebaseMessaging
    - FirebaseRemoteConfigInterop
    - FirebaseSessions
    - FSCalendar
    - Google-Maps-iOS-Utils
    - GoogleAppMeasurement
    - GoogleDataTransport
    - GoogleMaps
    - GooglePlaces
    - GooglePlacesSearchController
    - GoogleSignIn
    - GoogleUtilities
    - GTMAppAuth
    - GTMSessionFetcher
    - IQKeyboardManager
    - ISEmojiView
    - MBProgressHUD
    - nanopb
    - NVActivityIndicatorView
    - OpalImagePicker
    - PromisesObjC
    - PromisesSwift
    - QCropper
    - ReachabilitySwift
    - SDWebImage
    - SnackBar.swift
    - SnapKit
    - SpreadsheetView
    - SwiftGifOrigin
    - SwiftyJSON
    - TwilioCommonLib
    - TwilioConversationsClient
    - TwilioStateMachine
    - TwilioTwilsockLib

SPEC CHECKSUMS:
  AdvancedPageControl: 39e3b32b00b2d324c534f8e17cc6c5be9abe84b7
  Alamofire: 7193b3b92c74a07f85569e1a6c4f4237291e7496
  AppAuth: d4f13a8fe0baf391b2108511793e4b479691fb73
  AppCheckCore: cc8fd0a3a230ddd401f326489c99990b013f0c4f
  AssetsPickerViewController: 4343e10ace86e425097043c17efa145c1ec868ce
  CalendarKit: 58acabf0a81e010bacfee6eee0d3459d1df0e819
  Cosmos: 02db0a1c953107049bfd2d7af19ceef55ecb7e98
  DateScrollPicker: 95cbb220b28a5dd95c97018dd278c074842c7e21
  DropDown: 8a2116376c1981888557f72ec2ffc9a5e0e456ec
  Firebase: 374a441a91ead896215703a674d58cdb3e9d772b
  FirebaseAnalytics: 7114c698cac995602e3b1b96663473e50d54d6e7
  FirebaseCore: 48b0dd707581cf9c1a1220da68223fb0a562afaa
  FirebaseCoreExtension: 2d77d6430c16cf43ca2b04608302ed02b3598361
  FirebaseCoreInternal: d98ab91e2d80a56d7b246856a8885443b302c0c2
  FirebaseCrashlytics: b21c665fb50138766480bce73ebdb1aa30f7f300
  FirebaseInstallations: efc0946fc756e4d22d8113f7c761948120322e8c
  FirebaseMessaging: e1aca1fcc23e8b9eddb0e33f375ff90944623021
  FirebaseRemoteConfigInterop: e75e348953352a000331eb77caf01e424248e176
  FirebaseSessions: 9529d14180868e29a8da164b3a729c036204918b
  FSCalendar: 2d1d0d9398f12d439f55c1fe0f01525b151b8260
  Google-Maps-iOS-Utils: 3343332b18dfd5be8f1f44edd7d481ace3da4d9a
  GoogleAppMeasurement: 6a9e6317b6a6d810ad03d4a66564ca6c4c5818a3
  GoogleDataTransport: aae35b7ea0c09004c3797d53c8c41f66f219d6a7
  GoogleMaps: 94e6e0851beece6678af9f508f4918b7a7c61722
  GooglePlaces: f997a80fb7b88233ad53aa8c9d5f092c86ceae54
  GooglePlacesSearchController: f8c7da8c3bf0bcf901c5873c22fda7db5fbfc15e
  GoogleSignIn: ce8c89bb9b37fb624b92e7514cc67335d1e277e4
  GoogleUtilities: 26a3abef001b6533cf678d3eb38fd3f614b7872d
  GTMAppAuth: f69bd07d68cd3b766125f7e072c45d7340dea0de
  GTMSessionFetcher: 5aea5ba6bd522a239e236100971f10cb71b96ab6
  IQKeyboardManager: c8665b3396bd0b79402b4c573eac345a31c7d485
  ISEmojiView: 6055d6e5453056b88edc17ab3bb40f5664cbd2b8
  MBProgressHUD: e7baa36a220447d8aeb12769bf0585582f3866d9
  nanopb: fad817b59e0457d11a5dfbde799381cd727c1275
  NVActivityIndicatorView: fe52a6a68664c2df8991d7d9e3d86d8d19453c53
  OpalImagePicker: 38e772dd93a54431fc516b33e1f337c50f745834
  PromisesObjC: f5707f49cb48b9636751c5b2e7d227e43fba9f47
  PromisesSwift: 9d77319bbe72ebf6d872900551f7eeba9bce2851
  QCropper: aef6bad1e683e62b501fb8258359ccd10c68b4f2
  ReachabilitySwift: 32793e867593cfc1177f5d16491e3a197d2fccda
  SDWebImage: 73c6079366fea25fa4bb9640d5fb58f0893facd8
  SnackBar.swift: 79ea4df13ea9e6633137dd6acbd490534d26440d
  SnapKit: d612e99e678a2d3b95bf60b0705ed0a35c03484a
  SpreadsheetView: 688dbd19f2b355df0eb09e486266fd913a013449
  SwiftGifOrigin: fbd6cf37afcfcf97a5c3db996ddc0492e5c5c145
  SwiftyJSON: 6faa0040f8b59dead0ee07436cbf76b73c08fd08
  TwilioCommonLib: 2e02cbe30a66ab1da37be9550ea144ec3589cebd
  TwilioConversationsClient: 8bf5deae1856a3eb7eb300357054fe1552e5494b
  TwilioStateMachine: d94358d9ceec243aa12fd4160048c40ce4afc172
  TwilioTwilsockLib: 06086e8e9fb45fb41a2311b83f9e059c6a70b09b

PODFILE CHECKSUM: e6b0d4c0a364d699567eea4616d5aaf109bfee56

COCOAPODS: 1.15.2
